// !$*UTF8*$!
{
	archiveVersion = 1;
	classes = {
	};
	objectVersion = 50;
	objects = {

/* Begin PBXBuildFile section */
		38AAF70A258BB431001789E8 /* AppDelegate.swift in Sources */ = {isa = PBXBuildFile; fileRef = 38AAF709258BB431001789E8 /* AppDelegate.swift */; };
		38AAF70C258BB431001789E8 /* SceneDelegate.swift in Sources */ = {isa = PBXBuildFile; fileRef = 38AAF70B258BB431001789E8 /* SceneDelegate.swift */; };
		38AAF70E258BB431001789E8 /* ViewController.swift in Sources */ = {isa = PBXBuildFile; fileRef = 38AAF70D258BB431001789E8 /* ViewController.swift */; };
		38AAF711258BB431001789E8 /* Main.storyboard in Resources */ = {isa = PBXBuildFile; fileRef = 38AAF70F258BB431001789E8 /* Main.storyboard */; };
		38AAF713258BB433001789E8 /* Assets.xcassets in Resources */ = {isa = PBXBuildFile; fileRef = 38AAF712258BB433001789E8 /* Assets.xcassets */; };
		38AAF716258BB433001789E8 /* LaunchScreen.storyboard in Resources */ = {isa = PBXBuildFile; fileRef = 38AAF714258BB433001789E8 /* LaunchScreen.storyboard */; };
		38AAF721258BB434001789E8 /* YarukiCalenderTests.swift in Sources */ = {isa = PBXBuildFile; fileRef = 38AAF720258BB434001789E8 /* YarukiCalenderTests.swift */; };
		38AAF72C258BB434001789E8 /* YarukiCalenderUITests.swift in Sources */ = {isa = PBXBuildFile; fileRef = 38AAF72B258BB434001789E8 /* YarukiCalenderUITests.swift */; };
/* End PBXBuildFile section */

/* Begin PBXContainerItemProxy section */
		38AAF71D258BB434001789E8 /* PBXContainerItemProxy */ = {
			isa = PBXContainerItemProxy;
			containerPortal = 38AAF6FE258BB431001789E8 /* Project object */;
			proxyType = 1;
			remoteGlobalIDString = 38AAF705258BB431001789E8;
			remoteInfo = YarukiCalender;
		};
		38AAF728258BB434001789E8 /* PBXContainerItemProxy */ = {
			isa = PBXContainerItemProxy;
			containerPortal = 38AAF6FE258BB431001789E8 /* Project object */;
			proxyType = 1;
			remoteGlobalIDString = 38AAF705258BB431001789E8;
			remoteInfo = YarukiCalender;
		};
/* End PBXContainerItemProxy section */

/* Begin PBXFileReference section */
		38AAF706258BB431001789E8 /* YarukiCalender.app */ = {isa = PBXFileReference; explicitFileType = wrapper.application; includeInIndex = 0; path = YarukiCalender.app; sourceTree = BUILT_PRODUCTS_DIR; };
		38AAF709258BB431001789E8 /* AppDelegate.swift */ = {isa = PBXFileReference; lastKnownFileType = sourcecode.swift; path = AppDelegate.swift; sourceTree = "<group>"; };
		38AAF70B258BB431001789E8 /* SceneDelegate.swift */ = {isa = PBXFileReference; lastKnownFileType = sourcecode.swift; path = SceneDelegate.swift; sourceTree = "<group>"; };
		38AAF70D258BB431001789E8 /* ViewController.swift */ = {isa = PBXFileReference; lastKnownFileType = sourcecode.swift; path = ViewController.swift; sourceTree = "<group>"; };
		38AAF710258BB431001789E8 /* Base */ = {isa = PBXFileReference; lastKnownFileType = file.storyboard; name = Base; path = Base.lproj/Main.storyboard; sourceTree = "<group>"; };
		38AAF712258BB433001789E8 /* Assets.xcassets */ = {isa = PBXFileReference; lastKnownFileType = folder.assetcatalog; path = Assets.xcassets; sourceTree = "<group>"; };
		38AAF715258BB433001789E8 /* Base */ = {isa = PBXFileReference; lastKnownFileType = file.storyboard; name = Base; path = Base.lproj/LaunchScreen.storyboard; sourceTree = "<group>"; };
		38AAF717258BB433001789E8 /* Info.plist */ = {isa = PBXFileReference; lastKnownFileType = text.plist.xml; path = Info.plist; sourceTree = "<group>"; };
		38AAF71C258BB434001789E8 /* YarukiCalenderTests.xctest */ = {isa = PBXFileReference; explicitFileType = wrapper.cfbundle; includeInIndex = 0; path = YarukiCalenderTests.xctest; sourceTree = BUILT_PRODUCTS_DIR; };
		38AAF720258BB434001789E8 /* YarukiCalenderTests.swift */ = {isa = PBXFileReference; lastKnownFileType = sourcecode.swift; path = YarukiCalenderTests.swift; sourceTree = "<group>"; };
		38AAF722258BB434001789E8 /* Info.plist */ = {isa = PBXFileReference; lastKnownFileType = text.plist.xml; path = Info.plist; sourceTree = "<group>"; };
		38AAF727258BB434001789E8 /* YarukiCalenderUITests.xctest */ = {isa = PBXFileReference; explicitFileType = wrapper.cfbundle; includeInIndex = 0; path = YarukiCalenderUITests.xctest; sourceTree = BUILT_PRODUCTS_DIR; };
		38AAF72B258BB434001789E8 /* YarukiCalenderUITests.swift */ = {isa = PBXFileReference; lastKnownFileType = sourcecode.swift; path = YarukiCalenderUITests.swift; sourceTree = "<group>"; };
		38AAF72D258BB434001789E8 /* Info.plist */ = {isa = PBXFileReference; lastKnownFileType = text.plist.xml; path = Info.plist; sourceTree = "<group>"; };
/* End PBXFileReference section */

/* Begin PBXFrameworksBuildPhase section */
		38AAF703258BB431001789E8 /* Frameworks */ = {
			isa = PBXFrameworksBuildPhase;
			buildActionMask = 2147483647;
			files = (
			);
			runOnlyForDeploymentPostprocessing = 0;
		};
		38AAF719258BB434001789E8 /* Frameworks */ = {
			isa = PBXFrameworksBuildPhase;
			buildActionMask = 2147483647;
			files = (
			);
			runOnlyForDeploymentPostprocessing = 0;
		};
		38AAF724258BB434001789E8 /* Frameworks */ = {
			isa = PBXFrameworksBuildPhase;
			buildActionMask = 2147483647;
			files = (
			);
			runOnlyForDeploymentPostprocessing = 0;
		};
/* End PBXFrameworksBuildPhase section */

/* Begin PBXGroup section */
		38AAF6FD258BB431001789E8 = {
			isa = PBXGroup;
			children = (
				38AAF708258BB431001789E8 /* YarukiCalender */,
				38AAF71F258BB434001789E8 /* YarukiCalenderTests */,
				38AAF72A258BB434001789E8 /* YarukiCalenderUITests */,
				38AAF707258BB431001789E8 /* Products */,
			);
			sourceTree = "<group>";
		};
		38AAF707258BB431001789E8 /* Products */ = {
			isa = PBXGroup;
			children = (
				38AAF706258BB431001789E8 /* YarukiCalender.app */,
				38AAF71C258BB434001789E8 /* YarukiCalenderTests.xctest */,
				38AAF727258BB434001789E8 /* YarukiCalenderUITests.xctest */,
			);
			name = Products;
			sourceTree = "<group>";
		};
		38AAF708258BB431001789E8 /* YarukiCalender */ = {
			isa = PBXGroup;
			children = (
				38AAF709258BB431001789E8 /* AppDelegate.swift */,
				38AAF70B258BB431001789E8 /* SceneDelegate.swift */,
				38AAF70D258BB431001789E8 /* ViewController.swift */,
				38AAF70F258BB431001789E8 /* Main.storyboard */,
				38AAF712258BB433001789E8 /* Assets.xcassets */,
				38AAF714258BB433001789E8 /* LaunchScreen.storyboard */,
				38AAF717258BB433001789E8 /* Info.plist */,
			);
			path = YarukiCalender;
			sourceTree = "<group>";
		};
		38AAF71F258BB434001789E8 /* YarukiCalenderTests */ = {
			isa = PBXGroup;
			children = (
				38AAF720258BB434001789E8 /* YarukiCalenderTests.swift */,
				38AAF722258BB434001789E8 /* Info.plist */,
			);
			path = YarukiCalenderTests;
			sourceTree = "<group>";
		};
		38AAF72A258BB434001789E8 /* YarukiCalenderUITests */ = {
			isa = PBXGroup;
			children = (
				38AAF72B258BB434001789E8 /* YarukiCalenderUITests.swift */,
				38AAF72D258BB434001789E8 /* Info.plist */,
			);
			path = YarukiCalenderUITests;
			sourceTree = "<group>";
		};
/* End PBXGroup section */

/* Begin PBXNativeTarget section */
		38AAF705258BB431001789E8 /* YarukiCalender */ = {
			isa = PBXNativeTarget;
			buildConfigurationList = 38AAF730258BB434001789E8 /* Build configuration list for PBXNativeTarget "YarukiCalender" */;
			buildPhases = (
				38AAF702258BB431001789E8 /* Sources */,
				38AAF703258BB431001789E8 /* Frameworks */,
				38AAF704258BB431001789E8 /* Resources */,
				38660EF5258BB59900975CC4 /* ShellScript */,
			);
			buildRules = (
			);
			dependencies = (
			);
			name = YarukiCalender;
			productName = YarukiCalender;
			productReference = 38AAF706258BB431001789E8 /* YarukiCalender.app */;
			productType = "com.apple.product-type.application";
		};
		38AAF71B258BB434001789E8 /* YarukiCalenderTests */ = {
			isa = PBXNativeTarget;
			buildConfigurationList = 38AAF733258BB434001789E8 /* Build configuration list for PBXNativeTarget "YarukiCalenderTests" */;
			buildPhases = (
				38AAF718258BB434001789E8 /* Sources */,
				38AAF719258BB434001789E8 /* Frameworks */,
				38AAF71A258BB434001789E8 /* Resources */,
			);
			buildRules = (
			);
			dependencies = (
				38AAF71E258BB434001789E8 /* PBXTargetDependency */,
			);
			name = YarukiCalenderTests;
			productName = YarukiCalenderTests;
			productReference = 38AAF71C258BB434001789E8 /* YarukiCalenderTests.xctest */;
			productType = "com.apple.product-type.bundle.unit-test";
		};
		38AAF726258BB434001789E8 /* YarukiCalenderUITests */ = {
			isa = PBXNativeTarget;
			buildConfigurationList = 38AAF736258BB434001789E8 /* Build configuration list for PBXNativeTarget "YarukiCalenderUITests" */;
			buildPhases = (
				38AAF723258BB434001789E8 /* Sources */,
				38AAF724258BB434001789E8 /* Frameworks */,
				38AAF725258BB434001789E8 /* Resources */,
			);
			buildRules = (
			);
			dependencies = (
				38AAF729258BB434001789E8 /* PBXTargetDependency */,
			);
			name = YarukiCalenderUITests;
			productName = YarukiCalenderUITests;
			productReference = 38AAF727258BB434001789E8 /* YarukiCalenderUITests.xctest */;
			productType = "com.apple.product-type.bundle.ui-testing";
		};
/* End PBXNativeTarget section */

/* Begin PBXProject section */
		38AAF6FE258BB431001789E8 /* Project object */ = {
			isa = PBXProject;
			attributes = {
				LastSwiftUpdateCheck = 1230;
				LastUpgradeCheck = 1230;
				TargetAttributes = {
					38AAF705258BB431001789E8 = {
						CreatedOnToolsVersion = 12.3;
					};
					38AAF71B258BB434001789E8 = {
						CreatedOnToolsVersion = 12.3;
						TestTargetID = 38AAF705258BB431001789E8;
					};
					38AAF726258BB434001789E8 = {
						CreatedOnToolsVersion = 12.3;
						TestTargetID = 38AAF705258BB431001789E8;
					};
				};
			};
			buildConfigurationList = 38AAF701258BB431001789E8 /* Build configuration list for PBXProject "YarukiCalender" */;
			compatibilityVersion = "Xcode 9.3";
			developmentRegion = en;
			hasScannedForEncodings = 0;
			knownRegions = (
				en,
				Base,
			);
			mainGroup = 38AAF6FD258BB431001789E8;
			productRefGroup = 38AAF707258BB431001789E8 /* Products */;
			projectDirPath = "";
			projectRoot = "";
			targets = (
				38AAF705258BB431001789E8 /* YarukiCalender */,
				38AAF71B258BB434001789E8 /* YarukiCalenderTests */,
				38AAF726258BB434001789E8 /* YarukiCalenderUITests */,
			);
		};
/* End PBXProject section */

/* Begin PBXResourcesBuildPhase section */
		38AAF704258BB431001789E8 /* Resources */ = {
			isa = PBXResourcesBuildPhase;
			buildActionMask = 2147483647;
			files = (
				38AAF716258BB433001789E8 /* LaunchScreen.storyboard in Resources */,
				38AAF713258BB433001789E8 /* Assets.xcassets in Resources */,
				38AAF711258BB431001789E8 /* Main.storyboard in Resources */,
			);
			runOnlyForDeploymentPostprocessing = 0;
		};
		38AAF71A258BB434001789E8 /* Resources */ = {
			isa = PBXResourcesBuildPhase;
			buildActionMask = 2147483647;
			files = (
			);
			runOnlyForDeploymentPostprocessing = 0;
		};
		38AAF725258BB434001789E8 /* Resources */ = {
			isa = PBXResourcesBuildPhase;
			buildActionMask = 2147483647;
			files = (
			);
			runOnlyForDeploymentPostprocessing = 0;
		};
/* End PBXResourcesBuildPhase section */

/* Begin PBXShellScriptBuildPhase section */
		38660EF5258BB59900975CC4 /* ShellScript */ = {
			isa = PBXShellScriptBuildPhase;
			buildActionMask = 2147483647;
			files = (
			);
			inputFileListPaths = (
			);
			inputPaths = (
			);
			outputFileListPaths = (
			);
			outputPaths = (
			);
			runOnlyForDeploymentPostprocessing = 0;
			shellPath = /bin/sh;
			shellScript = "if which swiftlint >/dev/null; then\n  swiftlint\nelse\n  echo \"SwiftLint does not exist, download from https://github.com/realm/SwiftLint\"\nfi\n";
		};
/* End PBXShellScriptBuildPhase section */

/* Begin PBXSourcesBuildPhase section */
		38AAF702258BB431001789E8 /* Sources */ = {
			isa = PBXSourcesBuildPhase;
			buildActionMask = 2147483647;
			files = (
				38AAF70E258BB431001789E8 /* ViewController.swift in Sources */,
				38AAF70A258BB431001789E8 /* AppDelegate.swift in Sources */,
				38AAF70C258BB431001789E8 /* SceneDelegate.swift in Sources */,
			);
			runOnlyForDeploymentPostprocessing = 0;
		};
		38AAF718258BB434001789E8 /* Sources */ = {
			isa = PBXSourcesBuildPhase;
			buildActionMask = 2147483647;
			files = (
				38AAF721258BB434001789E8 /* YarukiCalenderTests.swift in Sources */,
			);
			runOnlyForDeploymentPostprocessing = 0;
		};
		38AAF723258BB434001789E8 /* Sources */ = {
			isa = PBXSourcesBuildPhase;
			buildActionMask = 2147483647;
			files = (
				38AAF72C258BB434001789E8 /* YarukiCalenderUITests.swift in Sources */,
			);
			runOnlyForDeploymentPostprocessing = 0;
		};
/* End PBXSourcesBuildPhase section */

/* Begin PBXTargetDependency section */
		38AAF71E258BB434001789E8 /* PBXTargetDependency */ = {
			isa = PBXTargetDependency;
			target = 38AAF705258BB431001789E8 /* YarukiCalender */;
			targetProxy = 38AAF71D258BB434001789E8 /* PBXContainerItemProxy */;
		};
		38AAF729258BB434001789E8 /* PBXTargetDependency */ = {
			isa = PBXTargetDependency;
			target = 38AAF705258BB431001789E8 /* YarukiCalender */;
			targetProxy = 38AAF728258BB434001789E8 /* PBXContainerItemProxy */;
		};
/* End PBXTargetDependency section */

/* Begin PBXVariantGroup section */
		38AAF70F258BB431001789E8 /* Main.storyboard */ = {
			isa = PBXVariantGroup;
			children = (
				38AAF710258BB431001789E8 /* Base */,
			);
			name = Main.storyboard;
			sourceTree = "<group>";
		};
		38AAF714258BB433001789E8 /* LaunchScreen.storyboard */ = {
			isa = PBXVariantGroup;
			children = (
				38AAF715258BB433001789E8 /* Base */,
			);
			name = LaunchScreen.storyboard;
			sourceTree = "<group>";
		};
/* End PBXVariantGroup section */

/* Begin XCBuildConfiguration section */
		38AAF72E258BB434001789E8 /* Debug */ = {
			isa = XCBuildConfiguration;
			buildSettings = {
				ALWAYS_SEARCH_USER_PATHS = NO;
				CLANG_ANALYZER_NONNULL = YES;
				CLANG_ANALYZER_NUMBER_OBJECT_CONVERSION = YES_AGGRESSIVE;
				CLANG_CXX_LANGUAGE_STANDARD = "gnu++14";
				CLANG_CXX_LIBRARY = "libc++";
				CLANG_ENABLE_MODULES = YES;
				CLANG_ENABLE_OBJC_ARC = YES;
				CLANG_ENABLE_OBJC_WEAK = YES;
				CLANG_WARN_BLOCK_CAPTURE_AUTORELEASING = YES;
				CLANG_WARN_BOOL_CONVERSION = YES;
				CLANG_WARN_COMMA = YES;
				CLANG_WARN_CONSTANT_CONVERSION = YES;
				CLANG_WARN_DEPRECATED_OBJC_IMPLEMENTATIONS = YES;
				CLANG_WARN_DIRECT_OBJC_ISA_USAGE = YES_ERROR;
				CLANG_WARN_DOCUMENTATION_COMMENTS = YES;
				CLANG_WARN_EMPTY_BODY = YES;
				CLANG_WARN_ENUM_CONVERSION = YES;
				CLANG_WARN_INFINITE_RECURSION = YES;
				CLANG_WARN_INT_CONVERSION = YES;
				CLANG_WARN_NON_LITERAL_NULL_CONVERSION = YES;
				CLANG_WARN_OBJC_IMPLICIT_RETAIN_SELF = YES;
				CLANG_WARN_OBJC_LITERAL_CONVERSION = YES;
				CLANG_WARN_OBJC_ROOT_CLASS = YES_ERROR;
				CLANG_WARN_QUOTED_INCLUDE_IN_FRAMEWORK_HEADER = YES;
				CLANG_WARN_RANGE_LOOP_ANALYSIS = YES;
				CLANG_WARN_STRICT_PROTOTYPES = YES;
				CLANG_WARN_SUSPICIOUS_MOVE = YES;
				CLANG_WARN_UNGUARDED_AVAILABILITY = YES_AGGRESSIVE;
				CLANG_WARN_UNREACHABLE_CODE = YES;
				CLANG_WARN__DUPLICATE_METHOD_MATCH = YES;
				COPY_PHASE_STRIP = NO;
				DEBUG_INFORMATION_FORMAT = dwarf;
				ENABLE_STRICT_OBJC_MSGSEND = YES;
				ENABLE_TESTABILITY = YES;
				GCC_C_LANGUAGE_STANDARD = gnu11;
				GCC_DYNAMIC_NO_PIC = NO;
				GCC_NO_COMMON_BLOCKS = YES;
				GCC_OPTIMIZATION_LEVEL = 0;
				GCC_PREPROCESSOR_DEFINITIONS = (
					"DEBUG=1",
					"$(inherited)",
				);
				GCC_WARN_64_TO_32_BIT_CONVERSION = YES;
				GCC_WARN_ABOUT_RETURN_TYPE = YES_ERROR;
				GCC_WARN_UNDECLARED_SELECTOR = YES;
				GCC_WARN_UNINITIALIZED_AUTOS = YES_AGGRESSIVE;
				GCC_WARN_UNUSED_FUNCTION = YES;
				GCC_WARN_UNUSED_VARIABLE = YES;
				IPHONEOS_DEPLOYMENT_TARGET = 14.3;
				MTL_ENABLE_DEBUG_INFO = INCLUDE_SOURCE;
				MTL_FAST_MATH = YES;
				ONLY_ACTIVE_ARCH = YES;
				SDKROOT = iphoneos;
				SWIFT_ACTIVE_COMPILATION_CONDITIONS = DEBUG;
				SWIFT_OPTIMIZATION_LEVEL = "-Onone";
			};
			name = Debug;
		};
		38AAF72F258BB434001789E8 /* Release */ = {
			isa = XCBuildConfiguration;
			buildSettings = {
				ALWAYS_SEARCH_USER_PATHS = NO;
				CLANG_ANALYZER_NONNULL = YES;
				CLANG_ANALYZER_NUMBER_OBJECT_CONVERSION = YES_AGGRESSIVE;
				CLANG_CXX_LANGUAGE_STANDARD = "gnu++14";
				CLANG_CXX_LIBRARY = "libc++";
				CLANG_ENABLE_MODULES = YES;
				CLANG_ENABLE_OBJC_ARC = YES;
				CLANG_ENABLE_OBJC_WEAK = YES;
				CLANG_WARN_BLOCK_CAPTURE_AUTORELEASING = YES;
				CLANG_WARN_BOOL_CONVERSION = YES;
				CLANG_WARN_COMMA = YES;
				CLANG_WARN_CONSTANT_CONVERSION = YES;
				CLANG_WARN_DEPRECATED_OBJC_IMPLEMENTATIONS = YES;
				CLANG_WARN_DIRECT_OBJC_ISA_USAGE = YES_ERROR;
				CLANG_WARN_DOCUMENTATION_COMMENTS = YES;
				CLANG_WARN_EMPTY_BODY = YES;
				CLANG_WARN_ENUM_CONVERSION = YES;
				CLANG_WARN_INFINITE_RECURSION = YES;
				CLANG_WARN_INT_CONVERSION = YES;
				CLANG_WARN_NON_LITERAL_NULL_CONVERSION = YES;
				CLANG_WARN_OBJC_IMPLICIT_RETAIN_SELF = YES;
				CLANG_WARN_OBJC_LITERAL_CONVERSION = YES;
				CLANG_WARN_OBJC_ROOT_CLASS = YES_ERROR;
				CLANG_WARN_QUOTED_INCLUDE_IN_FRAMEWORK_HEADER = YES;
				CLANG_WARN_RANGE_LOOP_ANALYSIS = YES;
				CLANG_WARN_STRICT_PROTOTYPES = YES;
				CLANG_WARN_SUSPICIOUS_MOVE = YES;
				CLANG_WARN_UNGUARDED_AVAILABILITY = YES_AGGRESSIVE;
				CLANG_WARN_UNREACHABLE_CODE = YES;
				CLANG_WARN__DUPLICATE_METHOD_MATCH = YES;
				COPY_PHASE_STRIP = NO;
				DEBUG_INFORMATION_FORMAT = "dwarf-with-dsym";
				ENABLE_NS_ASSERTIONS = NO;
				ENABLE_STRICT_OBJC_MSGSEND = YES;
				GCC_C_LANGUAGE_STANDARD = gnu11;
				GCC_NO_COMMON_BLOCKS = YES;
				GCC_WARN_64_TO_32_BIT_CONVERSION = YES;
				GCC_WARN_ABOUT_RETURN_TYPE = YES_ERROR;
				GCC_WARN_UNDECLARED_SELECTOR = YES;
				GCC_WARN_UNINITIALIZED_AUTOS = YES_AGGRESSIVE;
				GCC_WARN_UNUSED_FUNCTION = YES;
				GCC_WARN_UNUSED_VARIABLE = YES;
				IPHONEOS_DEPLOYMENT_TARGET = 14.3;
				MTL_ENABLE_DEBUG_INFO = NO;
				MTL_FAST_MATH = YES;
				SDKROOT = iphoneos;
				SWIFT_COMPILATION_MODE = wholemodule;
				SWIFT_OPTIMIZATION_LEVEL = "-O";
				VALIDATE_PRODUCT = YES;
			};
			name = Release;
		};
		38AAF731258BB434001789E8 /* Debug */ = {
			isa = XCBuildConfiguration;
			buildSettings = {
				ASSETCATALOG_COMPILER_APPICON_NAME = AppIcon;
				ASSETCATALOG_COMPILER_GLOBAL_ACCENT_COLOR_NAME = AccentColor;
				CODE_SIGN_STYLE = Automatic;
				DEVELOPMENT_TEAM = 5JW9RR8FC8;
				INFOPLIST_FILE = YarukiCalender/Info.plist;
				LD_RUNPATH_SEARCH_PATHS = (
					"$(inherited)",
					"@executable_path/Frameworks",
				);
				PRODUCT_BUNDLE_IDENTIFIER = com.Daisuke.YarukiCalender;
				PRODUCT_NAME = "$(TARGET_NAME)";
				SWIFT_VERSION = 5.0;
				TARGETED_DEVICE_FAMILY = "1,2";
			};
			name = Debug;
		};
		38AAF732258BB434001789E8 /* Release */ = {
			isa = XCBuildConfiguration;
			buildSettings = {
				ASSETCATALOG_COMPILER_APPICON_NAME = AppIcon;
				ASSETCATALOG_COMPILER_GLOBAL_ACCENT_COLOR_NAME = AccentColor;
				CODE_SIGN_STYLE = Automatic;
				DEVELOPMENT_TEAM = 5JW9RR8FC8;
				INFOPLIST_FILE = YarukiCalender/Info.plist;
				LD_RUNPATH_SEARCH_PATHS = (
					"$(inherited)",
					"@executable_path/Frameworks",
				);
				PRODUCT_BUNDLE_IDENTIFIER = com.Daisuke.YarukiCalender;
				PRODUCT_NAME = "$(TARGET_NAME)";
				SWIFT_VERSION = 5.0;
				TARGETED_DEVICE_FAMILY = "1,2";
			};
			name = Release;
		};
		38AAF734258BB434001789E8 /* Debug */ = {
			isa = XCBuildConfiguration;
			buildSettings = {
				ALWAYS_EMBED_SWIFT_STANDARD_LIBRARIES = YES;
				BUNDLE_LOADER = "$(TEST_HOST)";
				CODE_SIGN_STYLE = Automatic;
				DEVELOPMENT_TEAM = 5JW9RR8FC8;
				INFOPLIST_FILE = YarukiCalenderTests/Info.plist;
				IPHONEOS_DEPLOYMENT_TARGET = 14.3;
				LD_RUNPATH_SEARCH_PATHS = (
					"$(inherited)",
					"@executable_path/Frameworks",
					"@loader_path/Frameworks",
				);
				PRODUCT_BUNDLE_IDENTIFIER = com.Daisuke.YarukiCalenderTests;
				PRODUCT_NAME = "$(TARGET_NAME)";
				SWIFT_VERSION = 5.0;
				TARGETED_DEVICE_FAMILY = "1,2";
				TEST_HOST = "$(BUILT_PRODUCTS_DIR)/YarukiCalender.app/YarukiCalender";
			};
			name = Debug;
		};
		38AAF735258BB434001789E8 /* Release */ = {
			isa = XCBuildConfiguration;
			buildSettings = {
				ALWAYS_EMBED_SWIFT_STANDARD_LIBRARIES = YES;
				BUNDLE_LOADER = "$(TEST_HOST)";
				CODE_SIGN_STYLE = Automatic;
				DEVELOPMENT_TEAM = 5JW9RR8FC8;
				INFOPLIST_FILE = YarukiCalenderTests/Info.plist;
				IPHONEOS_DEPLOYMENT_TARGET = 14.3;
				LD_RUNPATH_SEARCH_PATHS = (
					"$(inherited)",
					"@executable_path/Frameworks",
					"@loader_path/Frameworks",
				);
				PRODUCT_BUNDLE_IDENTIFIER = com.Daisuke.YarukiCalenderTests;
				PRODUCT_NAME = "$(TARGET_NAME)";
				SWIFT_VERSION = 5.0;
				TARGETED_DEVICE_FAMILY = "1,2";
				TEST_HOST = "$(BUILT_PRODUCTS_DIR)/YarukiCalender.app/YarukiCalender";
			};
			name = Release;
		};
		38AAF737258BB434001789E8 /* Debug */ = {
			isa = XCBuildConfiguration;
			buildSettings = {
				ALWAYS_EMBED_SWIFT_STANDARD_LIBRARIES = YES;
				CODE_SIGN_STYLE = Automatic;
				DEVELOPMENT_TEAM = 5JW9RR8FC8;
				INFOPLIST_FILE = YarukiCalenderUITests/Info.plist;
				LD_RUNPATH_SEARCH_PATHS = (
					"$(inherited)",
					"@executable_path/Frameworks",
					"@loader_path/Frameworks",
				);
				PRODUCT_BUNDLE_IDENTIFIER = com.Daisuke.YarukiCalenderUITests;
				PRODUCT_NAME = "$(TARGET_NAME)";
				SWIFT_VERSION = 5.0;
				TARGETED_DEVICE_FAMILY = "1,2";
				TEST_TARGET_NAME = YarukiCalender;
			};
			name = Debug;
		};
		38AAF738258BB434001789E8 /* Release */ = {
			isa = XCBuildConfiguration;
			buildSettings = {
				ALWAYS_EMBED_SWIFT_STANDARD_LIBRARIES = YES;
				CODE_SIGN_STYLE = Automatic;
				DEVELOPMENT_TEAM = 5JW9RR8FC8;
				INFOPLIST_FILE = YarukiCalenderUITests/Info.plist;
				LD_RUNPATH_SEARCH_PATHS = (
					"$(inherited)",
					"@executable_path/Frameworks",
					"@loader_path/Frameworks",
				);
				PRODUCT_BUNDLE_IDENTIFIER = com.Daisuke.YarukiCalenderUITests;
				PRODUCT_NAME = "$(TARGET_NAME)";
				SWIFT_VERSION = 5.0;
				TARGETED_DEVICE_FAMILY = "1,2";
				TEST_TARGET_NAME = YarukiCalender;
			};
			name = Release;
		};
/* End XCBuildConfiguration section */

/* Begin XCConfigurationList section */
		38AAF701258BB431001789E8 /* Build configuration list for PBXProject "YarukiCalender" */ = {
			isa = XCConfigurationList;
			buildConfigurations = (
				38AAF72E258BB434001789E8 /* Debug */,
				38AAF72F258BB434001789E8 /* Release */,
			);
			defaultConfigurationIsVisible = 0;
			defaultConfigurationName = Release;
		};
		38AAF730258BB434001789E8 /* Build configuration list for PBXNativeTarget "YarukiCalender" */ = {
			isa = XCConfigurationList;
			buildConfigurations = (
				38AAF731258BB434001789E8 /* Debug */,
				38AAF732258BB434001789E8 /* Release */,
			);
			defaultConfigurationIsVisible = 0;
			defaultConfigurationName = Release;
		};
		38AAF733258BB434001789E8 /* Build configuration list for PBXNativeTarget "YarukiCalenderTests" */ = {
			isa = XCConfigurationList;
			buildConfigurations = (
				38AAF734258BB434001789E8 /* Debug */,
				38AAF735258BB434001789E8 /* Release */,
			);
			defaultConfigurationIsVisible = 0;
			defaultConfigurationName = Release;
		};
		38AAF736258BB434001789E8 /* Build configuration list for PBXNativeTarget "YarukiCalenderUITests" */ = {
			isa = XCConfigurationList;
			buildConfigurations = (
				38AAF737258BB434001789E8 /* Debug */,
				38AAF738258BB434001789E8 /* Release */,
			);
			defaultConfigurationIsVisible = 0;
			defaultConfigurationName = Release;
		};
/* End XCConfigurationList section */
	};
	rootObject = 38AAF6FE258BB431001789E8 /* Project object */;
}
